{
  "name": "git-tools",
  "version": "0.1.0",
  "lockfileVersion": 3,
  "requires": true,
  "packages": {
    "": {
      "name": "git-tools",
      "version": "0.1.0",
      "dependencies": {
        "shell": "^0.12.0"
      }
    },
    "node_modules/@rollup/rollup-linux-x64-gnu": {
      "version": "4.9.5",
      "resolved": "https://registry.npmjs.org/@rollup/rollup-linux-x64-gnu/-/rollup-linux-x64-gnu-4.9.5.tgz",
      "integrity": "sha512-Dq1bqBdLaZ1Gb/l2e5/+o3B18+8TI9ANlA1SkejZqDgdU/jK/ThYaMPMJpVMMXy2uRHvGKbkz9vheVGdq3cJfA==",
      "cpu": [
        "x64"
      ],
      "license": "MIT",
      "optional": true,
      "os": [
        "linux"
      ]
    },
    "node_modules/clone": {
      "version": "1.0.4",
      "resolved": "https://registry.npmjs.org/clone/-/clone-1.0.4.tgz",
      "integrity": "sha512-JQHZ2QMW6l3aH/j6xCqQThY/9OH4D/9ls34cgkUBiEeocRTU04tHfKPBsUK1PqZCUQM7GiA0IIXJSuXHI64Kbg==",
      "license": "MIT",
      "engines": {
        "node": ">=0.8"
      }
    },
    "node_modules/defaults": {
      "version": "1.0.4",
      "resolved": "https://registry.npmjs.org/defaults/-/defaults-1.0.4.tgz",
      "integrity": "sha512-eFuaLoy/Rxalv2kr+lqMlUnrDWV+3j4pljOIJgLIhI058IQfWJ7vXhyEIHu+HtC738klGALYxOKDO0bQP3tg8A==",
      "license": "MIT",
      "dependencies": {
        "clone": "^1.0.2"
      },
      "funding": {
        "url": "https://github.com/sponsors/sindresorhus"
      }
    },
    "node_modules/mixme": {
      "version": "1.1.0",
      "resolved": "https://registry.npmjs.org/mixme/-/mixme-1.1.0.tgz",
      "integrity": "sha512-FW2NBoUT8Klu+ZORq7SV7QKRjOZIpn2zSVVzZeADydewZpQhHy1wem04FDuz9RJCvUkjUPRdrsWt1Hia6x6cRw==",
      "license": "MIT",
      "engines": {
        "node": ">= 8.0.0"
      }
    },
    "node_modules/pad": {
      "version": "3.3.0",
      "resolved": "https://registry.npmjs.org/pad/-/pad-3.3.0.tgz",
      "integrity": "sha512-2/G2Q8J/lbkJ3Zf595U9jattrUkM1rwTr3s4n9smp3+ALe66V+t3I75SG0qjWzuQgmXOgiUS0/qE97S+0hP7Cw==",
      "license": "BSD-3-Clause",
      "dependencies": {
        "wcwidth": "^1.0.1"
      },
      "engines": {
        "node": ">= 4.0.0"
      },
      "optionalDependencies": {
        "@rollup/rollup-linux-x64-gnu": "4.9.5"
      }
    },
    "node_modules/plug-and-play": {
      "version": "2.6.0",
      "resolved": "https://registry.npmjs.org/plug-and-play/-/plug-and-play-2.6.0.tgz",
      "integrity": "sha512-R6Z763YsQKxsQYNVrj1vs4pVWjgyKfNrVp6F6SwM9jBZkNJuBTc/aMcQ35UAgpD9pkVFVr9SjNqlYTDrsUmMgg==",
      "license": "MIT",
      "dependencies": {
        "mixme": "^2.0.1",
        "toposort": "^2.0.2"
      }
    },
    "node_modules/plug-and-play/node_modules/mixme": {
      "version": "2.0.2",
      "resolved": "https://registry.npmjs.org/mixme/-/mixme-2.0.2.tgz",
      "integrity": "sha512-3PG0g30EOLfdzmJ7vxanq48bFnWg/1raOpel0lCz7S+nEBNTd+znyIw/nSszsmC2Dr/07bBt1kBXj58oOtHDjw==",
      "license": "MIT",
      "engines": {
        "node": ">= 8.0.0"
      }
    },
    "node_modules/shell": {
      "version": "0.12.0",
      "resolved": "https://registry.npmjs.org/shell/-/shell-0.12.0.tgz",
      "integrity": "sha512-T4H1HCKywqFL0ln6XGKtmUtTKPfwMEEOTxed1ikX3X2re87qaCgHdRRj9IIUcqOEoY81yrEsZzjbBTZk2N0+6A==",
      "license": "MIT",
      "dependencies": {
        "mixme": "^1.1.0",
        "pad": "^3.3.0",
        "plug-and-play": "^2.5.8"
      },
      "engines": {
        "node": ">= 0.10.x"
      }
    },
    "node_modules/toposort": {
      "version": "2.0.2",
      "resolved": "https://registry.npmjs.org/toposort/-/toposort-2.0.2.tgz",
      "integrity": "sha512-0a5EOkAUp8D4moMi2W8ZF8jcga7BgZd91O/yabJCFY8az+XSzeGyTKs0Aoo897iV1Nj6guFq8orWDS96z91oGg==",
      "license": "MIT"
    },
    "node_modules/wcwidth": {
      "version": "1.0.1",
      "resolved": "https://registry.npmjs.org/wcwidth/-/wcwidth-1.0.1.tgz",
      "integrity": "sha512-XHPEwS0q6TaxcvG85+8EYkbiCux2XtWG2mkc47Ng2A77BQu9+DqIOJldST4HgPkuea7dvKSj5VgX3P1d4rW8Tg==",
      "license": "MIT",
      "dependencies": {
        "defaults": "^1.0.3"
      }
    }
  }
}
